
Microsoft Visual Studio Solution File, Format Version 12.00
# Visual Studio Version 16
VisualStudioVersion = 16.0.31005.135
MinimumVisualStudioVersion = 10.0.40219.1
Project("{9A19103F-16F7-4668-BE54-9A1E7A4F7556}") = "LegacySolutionECS", "LegacySolutionECS\LegacySolutionECS.csproj", "{6C7D5AC7-68D4-4DB1-AC5B-15F31F810FC9}"
EndProject
Project("{9A19103F-16F7-4668-BE54-9A1E7A4F7556}") = "LegacyECSNSubTest", "LegacyECSNSubTest\LegacyECSNSubTest.csproj", "{2C60968D-6B71-4282-BA83-A68F519CB68A}"
EndProject
Global
	GlobalSection(SolutionConfigurationPlatforms) = preSolution
		Debug|Any CPU = Debug|Any CPU
		Release|Any CPU = Release|Any CPU
	EndGlobalSection
	GlobalSection(ProjectConfigurationPlatforms) = postSolution
		{6C7D5AC7-68D4-4DB1-AC5B-15F31F810FC9}.Debug|Any CPU.ActiveCfg = Debug|Any CPU
		{6C7D5AC7-68D4-4DB1-AC5B-15F31F810FC9}.Debug|Any CPU.Build.0 = Debug|Any CPU
		{6C7D5AC7-68D4-4DB1-AC5B-15F31F810FC9}.Release|Any CPU.ActiveCfg = Release|Any CPU
		{6C7D5AC7-68D4-4DB1-AC5B-15F31F810FC9}.Release|Any CPU.Build.0 = Release|Any CPU
		{2C60968D-6B71-4282-BA83-A68F519CB68A}.Debug|Any CPU.ActiveCfg = Debug|Any CPU
		{2C60968D-6B71-4282-BA83-A68F519CB68A}.Debug|Any CPU.Build.0 = Debug|Any CPU
		{2C60968D-6B71-4282-BA83-A68F519CB68A}.Release|Any CPU.ActiveCfg = Release|Any CPU
		{2C60968D-6B71-4282-BA83-A68F519CB68A}.Release|Any CPU.Build.0 = Release|Any CPU
	EndGlobalSection
	GlobalSection(SolutionProperties) = preSolution
		HideSolutionNode = FALSE
	EndGlobalSection
	GlobalSection(ExtensibilityGlobals) = postSolution
		SolutionGuid = {AE36B63B-F184-4631-A727-D76886EADA9C}
	EndGlobalSection
EndGlobal
